
Microsoft Visual Studio Solution File, Format Version 12.00
# Visual Studio Version 16
VisualStudioVersion = 16.0.32228.343
MinimumVisualStudioVersion = 10.0.40219.1
Project("{FAE04EC0-301F-11D3-BF4B-00C04F79EFBC}") = "CNC", "CNC.csproj", "{9741A7DC-072A-4AE4-8E6A-28590A5D261E}"
EndProject
Global
	GlobalSection(SolutionConfigurationPlatforms) = preSolution
		Debug|Any CPU = Debug|Any CPU
		Release|Any CPU = Release|Any CPU
	EndGlobalSection
	GlobalSection(ProjectConfigurationPlatforms) = postSolution
		{9741A7DC-072A-4AE4-8E6A-28590A5D261E}.Debug|Any CPU.ActiveCfg = Debug|Any CPU
		{9741A7DC-072A-4AE4-8E6A-28590A5D261E}.Debug|Any CPU.Build.0 = Debug|Any CPU
		{9741A7DC-072A-4AE4-8E6A-28590A5D261E}.Release|Any CPU.ActiveCfg = Release|Any CPU
		{9741A7DC-072A-4AE4-8E6A-28590A5D261E}.Release|Any CPU.Build.0 = Release|Any CPU
	EndGlobalSection
	GlobalSection(SolutionProperties) = preSolution
		HideSolutionNode = FALSE
	EndGlobalSection
	GlobalSection(ExtensibilityGlobals) = postSolution
		SolutionGuid = {105FED51-DB04-4834-A4CB-6403F8294243}
	EndGlobalSection
EndGlobal
